// !$*UTF8*$!
{
	archiveVersion = 1;
	classes = {
	};
	objectVersion = 50;
	objects = {

/* Begin PBXBuildFile section */
		AE7F8582268907F400BE60BB /* AppDelegate.swift in Sources */ = {isa = PBXBuildFile; fileRef = AE7F8581268907F400BE60BB /* AppDelegate.swift */; };
		AE7F8584268907F400BE60BB /* SceneDelegate.swift in Sources */ = {isa = PBXBuildFile; fileRef = AE7F8583268907F400BE60BB /* SceneDelegate.swift */; };
		AE7F8586268907F400BE60BB /* ViewController.swift in Sources */ = {isa = PBXBuildFile; fileRef = AE7F8585268907F400BE60BB /* ViewController.swift */; };
		AE7F8589268907F400BE60BB /* Main.storyboard in Resources */ = {isa = PBXBuildFile; fileRef = AE7F8587268907F400BE60BB /* Main.storyboard */; };
		AE7F858B2689080700BE60BB /* Assets.xcassets in Resources */ = {isa = PBXBuildFile; fileRef = AE7F858A2689080700BE60BB /* Assets.xcassets */; };
		AE7F858E2689080700BE60BB /* LaunchScreen.storyboard in Resources */ = {isa = PBXBuildFile; fileRef = AE7F858C2689080700BE60BB /* LaunchScreen.storyboard */; };
		AE7F85992689080700BE60BB /* TestablePOPTests.swift in Sources */ = {isa = PBXBuildFile; fileRef = AE7F85982689080700BE60BB /* TestablePOPTests.swift */; };
		AE7F85A42689080800BE60BB /* TestablePOPUITests.swift in Sources */ = {isa = PBXBuildFile; fileRef = AE7F85A32689080800BE60BB /* TestablePOPUITests.swift */; };
		AE7F85B22689117B00BE60BB /* Service.swift in Sources */ = {isa = PBXBuildFile; fileRef = AE7F85B12689117B00BE60BB /* Service.swift */; };
		AE7F85B32689117B00BE60BB /* Service.swift in Sources */ = {isa = PBXBuildFile; fileRef = AE7F85B12689117B00BE60BB /* Service.swift */; };
		AE7F85B42689168800BE60BB /* Main.storyboard in Resources */ = {isa = PBXBuildFile; fileRef = AE7F8587268907F400BE60BB /* Main.storyboard */; };
		AE7F85B52689197D00BE60BB /* ViewController.swift in Sources */ = {isa = PBXBuildFile; fileRef = AE7F8585268907F400BE60BB /* ViewController.swift */; };
/* End PBXBuildFile section */

/* Begin PBXContainerItemProxy section */
		AE7F85952689080700BE60BB /* PBXContainerItemProxy */ = {
			isa = PBXContainerItemProxy;
			containerPortal = AE7F8576268907F400BE60BB /* Project object */;
			proxyType = 1;
			remoteGlobalIDString = AE7F857D268907F400BE60BB;
			remoteInfo = TestablePOP;
		};
		AE7F85A02689080800BE60BB /* PBXContainerItemProxy */ = {
			isa = PBXContainerItemProxy;
			containerPortal = AE7F8576268907F400BE60BB /* Project object */;
			proxyType = 1;
			remoteGlobalIDString = AE7F857D268907F400BE60BB;
			remoteInfo = TestablePOP;
		};
/* End PBXContainerItemProxy section */

/* Begin PBXFileReference section */
		AE7F857E268907F400BE60BB /* TestablePOP.app */ = {isa = PBXFileReference; explicitFileType = wrapper.application; includeInIndex = 0; path = TestablePOP.app; sourceTree = BUILT_PRODUCTS_DIR; };
		AE7F8581268907F400BE60BB /* AppDelegate.swift */ = {isa = PBXFileReference; lastKnownFileType = sourcecode.swift; path = AppDelegate.swift; sourceTree = "<group>"; };
		AE7F8583268907F400BE60BB /* SceneDelegate.swift */ = {isa = PBXFileReference; lastKnownFileType = sourcecode.swift; path = SceneDelegate.swift; sourceTree = "<group>"; };
		AE7F8585268907F400BE60BB /* ViewController.swift */ = {isa = PBXFileReference; lastKnownFileType = sourcecode.swift; path = ViewController.swift; sourceTree = "<group>"; };
		AE7F8588268907F400BE60BB /* Base */ = {isa = PBXFileReference; lastKnownFileType = file.storyboard; name = Base; path = Base.lproj/Main.storyboard; sourceTree = "<group>"; };
		AE7F858A2689080700BE60BB /* Assets.xcassets */ = {isa = PBXFileReference; lastKnownFileType = folder.assetcatalog; path = Assets.xcassets; sourceTree = "<group>"; };
		AE7F858D2689080700BE60BB /* Base */ = {isa = PBXFileReference; lastKnownFileType = file.storyboard; name = Base; path = Base.lproj/LaunchScreen.storyboard; sourceTree = "<group>"; };
		AE7F858F2689080700BE60BB /* Info.plist */ = {isa = PBXFileReference; lastKnownFileType = text.plist.xml; path = Info.plist; sourceTree = "<group>"; };
		AE7F85942689080700BE60BB /* TestablePOPTests.xctest */ = {isa = PBXFileReference; explicitFileType = wrapper.cfbundle; includeInIndex = 0; path = TestablePOPTests.xctest; sourceTree = BUILT_PRODUCTS_DIR; };
		AE7F85982689080700BE60BB /* TestablePOPTests.swift */ = {isa = PBXFileReference; lastKnownFileType = sourcecode.swift; path = TestablePOPTests.swift; sourceTree = "<group>"; };
		AE7F859A2689080700BE60BB /* Info.plist */ = {isa = PBXFileReference; lastKnownFileType = text.plist.xml; path = Info.plist; sourceTree = "<group>"; };
		AE7F859F2689080800BE60BB /* TestablePOPUITests.xctest */ = {isa = PBXFileReference; explicitFileType = wrapper.cfbundle; includeInIndex = 0; path = TestablePOPUITests.xctest; sourceTree = BUILT_PRODUCTS_DIR; };
		AE7F85A32689080800BE60BB /* TestablePOPUITests.swift */ = {isa = PBXFileReference; lastKnownFileType = sourcecode.swift; path = TestablePOPUITests.swift; sourceTree = "<group>"; };
		AE7F85A52689080800BE60BB /* Info.plist */ = {isa = PBXFileReference; lastKnownFileType = text.plist.xml; path = Info.plist; sourceTree = "<group>"; };
		AE7F85B12689117B00BE60BB /* Service.swift */ = {isa = PBXFileReference; lastKnownFileType = sourcecode.swift; path = Service.swift; sourceTree = "<group>"; };
/* End PBXFileReference section */

/* Begin PBXFrameworksBuildPhase section */
		AE7F857B268907F400BE60BB /* Frameworks */ = {
			isa = PBXFrameworksBuildPhase;
			buildActionMask = 2147483647;
			files = (
			);
			runOnlyForDeploymentPostprocessing = 0;
		};
		AE7F85912689080700BE60BB /* Frameworks */ = {
			isa = PBXFrameworksBuildPhase;
			buildActionMask = 2147483647;
			files = (
			);
			runOnlyForDeploymentPostprocessing = 0;
		};
		AE7F859C2689080800BE60BB /* Frameworks */ = {
			isa = PBXFrameworksBuildPhase;
			buildActionMask = 2147483647;
			files = (
			);
			runOnlyForDeploymentPostprocessing = 0;
		};
/* End PBXFrameworksBuildPhase section */

/* Begin PBXGroup section */
		AE7F8575268907F400BE60BB = {
			isa = PBXGroup;
			children = (
				AE7F8580268907F400BE60BB /* TestablePOP */,
				AE7F85972689080700BE60BB /* TestablePOPTests */,
				AE7F85A22689080800BE60BB /* TestablePOPUITests */,
				AE7F857F268907F400BE60BB /* Products */,
			);
			sourceTree = "<group>";
		};
		AE7F857F268907F400BE60BB /* Products */ = {
			isa = PBXGroup;
			children = (
				AE7F857E268907F400BE60BB /* TestablePOP.app */,
				AE7F85942689080700BE60BB /* TestablePOPTests.xctest */,
				AE7F859F2689080800BE60BB /* TestablePOPUITests.xctest */,
			);
			name = Products;
			sourceTree = "<group>";
		};
		AE7F8580268907F400BE60BB /* TestablePOP */ = {
			isa = PBXGroup;
			children = (
				AE7F8581268907F400BE60BB /* AppDelegate.swift */,
				AE7F8583268907F400BE60BB /* SceneDelegate.swift */,
				AE7F8585268907F400BE60BB /* ViewController.swift */,
				AE7F8587268907F400BE60BB /* Main.storyboard */,
				AE7F858A2689080700BE60BB /* Assets.xcassets */,
				AE7F858C2689080700BE60BB /* LaunchScreen.storyboard */,
				AE7F858F2689080700BE60BB /* Info.plist */,
				AE7F85B12689117B00BE60BB /* Service.swift */,
			);
			path = TestablePOP;
			sourceTree = "<group>";
		};
		AE7F85972689080700BE60BB /* TestablePOPTests */ = {
			isa = PBXGroup;
			children = (
				AE7F85982689080700BE60BB /* TestablePOPTests.swift */,
				AE7F859A2689080700BE60BB /* Info.plist */,
			);
			path = TestablePOPTests;
			sourceTree = "<group>";
		};
		AE7F85A22689080800BE60BB /* TestablePOPUITests */ = {
			isa = PBXGroup;
			children = (
				AE7F85A32689080800BE60BB /* TestablePOPUITests.swift */,
				AE7F85A52689080800BE60BB /* Info.plist */,
			);
			path = TestablePOPUITests;
			sourceTree = "<group>";
		};
/* End PBXGroup section */

/* Begin PBXNativeTarget section */
		AE7F857D268907F400BE60BB /* TestablePOP */ = {
			isa = PBXNativeTarget;
			buildConfigurationList = AE7F85A82689080800BE60BB /* Build configuration list for PBXNativeTarget "TestablePOP" */;
			buildPhases = (
				AE7F857A268907F400BE60BB /* Sources */,
				AE7F857B268907F400BE60BB /* Frameworks */,
				AE7F857C268907F400BE60BB /* Resources */,
			);
			buildRules = (
			);
			dependencies = (
			);
			name = TestablePOP;
			productName = TestablePOP;
			productReference = AE7F857E268907F400BE60BB /* TestablePOP.app */;
			productType = "com.apple.product-type.application";
		};
		AE7F85932689080700BE60BB /* TestablePOPTests */ = {
			isa = PBXNativeTarget;
			buildConfigurationList = AE7F85AB2689080800BE60BB /* Build configuration list for PBXNativeTarget "TestablePOPTests" */;
			buildPhases = (
				AE7F85902689080700BE60BB /* Sources */,
				AE7F85912689080700BE60BB /* Frameworks */,
				AE7F85922689080700BE60BB /* Resources */,
			);
			buildRules = (
			);
			dependencies = (
				AE7F85962689080700BE60BB /* PBXTargetDependency */,
			);
			name = TestablePOPTests;
			productName = TestablePOPTests;
			productReference = AE7F85942689080700BE60BB /* TestablePOPTests.xctest */;
			productType = "com.apple.product-type.bundle.unit-test";
		};
		AE7F859E2689080800BE60BB /* TestablePOPUITests */ = {
			isa = PBXNativeTarget;
			buildConfigurationList = AE7F85AE2689080800BE60BB /* Build configuration list for PBXNativeTarget "TestablePOPUITests" */;
			buildPhases = (
				AE7F859B2689080800BE60BB /* Sources */,
				AE7F859C2689080800BE60BB /* Frameworks */,
				AE7F859D2689080800BE60BB /* Resources */,
			);
			buildRules = (
			);
			dependencies = (
				AE7F85A12689080800BE60BB /* PBXTargetDependency */,
			);
			name = TestablePOPUITests;
			productName = TestablePOPUITests;
			productReference = AE7F859F2689080800BE60BB /* TestablePOPUITests.xctest */;
			productType = "com.apple.product-type.bundle.ui-testing";
		};
/* End PBXNativeTarget section */

/* Begin PBXProject section */
		AE7F8576268907F400BE60BB /* Project object */ = {
			isa = PBXProject;
			attributes = {
				LastSwiftUpdateCheck = 1250;
				LastUpgradeCheck = 1250;
				TargetAttributes = {
					AE7F857D268907F400BE60BB = {
						CreatedOnToolsVersion = 12.5;
					};
					AE7F85932689080700BE60BB = {
						CreatedOnToolsVersion = 12.5;
						TestTargetID = AE7F857D268907F400BE60BB;
					};
					AE7F859E2689080800BE60BB = {
						CreatedOnToolsVersion = 12.5;
						TestTargetID = AE7F857D268907F400BE60BB;
					};
				};
			};
			buildConfigurationList = AE7F8579268907F400BE60BB /* Build configuration list for PBXProject "TestablePOP" */;
			compatibilityVersion = "Xcode 9.3";
			developmentRegion = en;
			hasScannedForEncodings = 0;
			knownRegions = (
				en,
				Base,
			);
			mainGroup = AE7F8575268907F400BE60BB;
			productRefGroup = AE7F857F268907F400BE60BB /* Products */;
			projectDirPath = "";
			projectRoot = "";
			targets = (
				AE7F857D268907F400BE60BB /* TestablePOP */,
				AE7F85932689080700BE60BB /* TestablePOPTests */,
				AE7F859E2689080800BE60BB /* TestablePOPUITests */,
			);
		};
/* End PBXProject section */

/* Begin PBXResourcesBuildPhase section */
		AE7F857C268907F400BE60BB /* Resources */ = {
			isa = PBXResourcesBuildPhase;
			buildActionMask = 2147483647;
			files = (
				AE7F858E2689080700BE60BB /* LaunchScreen.storyboard in Resources */,
				AE7F858B2689080700BE60BB /* Assets.xcassets in Resources */,
				AE7F8589268907F400BE60BB /* Main.storyboard in Resources */,
			);
			runOnlyForDeploymentPostprocessing = 0;
		};
		AE7F85922689080700BE60BB /* Resources */ = {
			isa = PBXResourcesBuildPhase;
			buildActionMask = 2147483647;
			files = (
				AE7F85B42689168800BE60BB /* Main.storyboard in Resources */,
			);
			runOnlyForDeploymentPostprocessing = 0;
		};
		AE7F859D2689080800BE60BB /* Resources */ = {
			isa = PBXResourcesBuildPhase;
			buildActionMask = 2147483647;
			files = (
			);
			runOnlyForDeploymentPostprocessing = 0;
		};
/* End PBXResourcesBuildPhase section */

/* Begin PBXSourcesBuildPhase section */
		AE7F857A268907F400BE60BB /* Sources */ = {
			isa = PBXSourcesBuildPhase;
			buildActionMask = 2147483647;
			files = (
				AE7F8586268907F400BE60BB /* ViewController.swift in Sources */,
				AE7F85B22689117B00BE60BB /* Service.swift in Sources */,
				AE7F8582268907F400BE60BB /* AppDelegate.swift in Sources */,
				AE7F8584268907F400BE60BB /* SceneDelegate.swift in Sources */,
			);
			runOnlyForDeploymentPostprocessing = 0;
		};
		AE7F85902689080700BE60BB /* Sources */ = {
			isa = PBXSourcesBuildPhase;
			buildActionMask = 2147483647;
			files = (
				AE7F85B52689197D00BE60BB /* ViewController.swift in Sources */,
				AE7F85992689080700BE60BB /* TestablePOPTests.swift in Sources */,
				AE7F85B32689117B00BE60BB /* Service.swift in Sources */,
			);
			runOnlyForDeploymentPostprocessing = 0;
		};
		AE7F859B2689080800BE60BB /* Sources */ = {
			isa = PBXSourcesBuildPhase;
			buildActionMask = 2147483647;
			files = (
				AE7F85A42689080800BE60BB /* TestablePOPUITests.swift in Sources */,
			);
			runOnlyForDeploymentPostprocessing = 0;
		};
/* End PBXSourcesBuildPhase section */

/* Begin PBXTargetDependency section */
		AE7F85962689080700BE60BB /* PBXTargetDependency */ = {
			isa = PBXTargetDependency;
			target = AE7F857D268907F400BE60BB /* TestablePOP */;
			targetProxy = AE7F85952689080700BE60BB /* PBXContainerItemProxy */;
		};
		AE7F85A12689080800BE60BB /* PBXTargetDependency */ = {
			isa = PBXTargetDependency;
			target = AE7F857D268907F400BE60BB /* TestablePOP */;
			targetProxy = AE7F85A02689080800BE60BB /* PBXContainerItemProxy */;
		};
/* End PBXTargetDependency section */

/* Begin PBXVariantGroup section */
		AE7F8587268907F400BE60BB /* Main.storyboard */ = {
			isa = PBXVariantGroup;
			children = (
				AE7F8588268907F400BE60BB /* Base */,
			);
			name = Main.storyboard;
			sourceTree = "<group>";
		};
		AE7F858C2689080700BE60BB /* LaunchScreen.storyboard */ = {
			isa = PBXVariantGroup;
			children = (
				AE7F858D2689080700BE60BB /* Base */,
			);
			name = LaunchScreen.storyboard;
			sourceTree = "<group>";
		};
/* End PBXVariantGroup section */

/* Begin XCBuildConfiguration section */
		AE7F85A62689080800BE60BB /* Debug */ = {
			isa = XCBuildConfiguration;
			buildSettings = {
				ALWAYS_SEARCH_USER_PATHS = NO;
				CLANG_ANALYZER_NONNULL = YES;
				CLANG_ANALYZER_NUMBER_OBJECT_CONVERSION = YES_AGGRESSIVE;
				CLANG_CXX_LANGUAGE_STANDARD = "gnu++14";
				CLANG_CXX_LIBRARY = "libc++";
				CLANG_ENABLE_MODULES = YES;
				CLANG_ENABLE_OBJC_ARC = YES;
				CLANG_ENABLE_OBJC_WEAK = YES;
				CLANG_WARN_BLOCK_CAPTURE_AUTORELEASING = YES;
				CLANG_WARN_BOOL_CONVERSION = YES;
				CLANG_WARN_COMMA = YES;
				CLANG_WARN_CONSTANT_CONVERSION = YES;
				CLANG_WARN_DEPRECATED_OBJC_IMPLEMENTATIONS = YES;
				CLANG_WARN_DIRECT_OBJC_ISA_USAGE = YES_ERROR;
				CLANG_WARN_DOCUMENTATION_COMMENTS = YES;
				CLANG_WARN_EMPTY_BODY = YES;
				CLANG_WARN_ENUM_CONVERSION = YES;
				CLANG_WARN_INFINITE_RECURSION = YES;
				CLANG_WARN_INT_CONVERSION = YES;
				CLANG_WARN_NON_LITERAL_NULL_CONVERSION = YES;
				CLANG_WARN_OBJC_IMPLICIT_RETAIN_SELF = YES;
				CLANG_WARN_OBJC_LITERAL_CONVERSION = YES;
				CLANG_WARN_OBJC_ROOT_CLASS = YES_ERROR;
				CLANG_WARN_QUOTED_INCLUDE_IN_FRAMEWORK_HEADER = YES;
				CLANG_WARN_RANGE_LOOP_ANALYSIS = YES;
				CLANG_WARN_STRICT_PROTOTYPES = YES;
				CLANG_WARN_SUSPICIOUS_MOVE = YES;
				CLANG_WARN_UNGUARDED_AVAILABILITY = YES_AGGRESSIVE;
				CLANG_WARN_UNREACHABLE_CODE = YES;
				CLANG_WARN__DUPLICATE_METHOD_MATCH = YES;
				COPY_PHASE_STRIP = NO;
				DEBUG_INFORMATION_FORMAT = dwarf;
				ENABLE_STRICT_OBJC_MSGSEND = YES;
				ENABLE_TESTABILITY = YES;
				GCC_C_LANGUAGE_STANDARD = gnu11;
				GCC_DYNAMIC_NO_PIC = NO;
				GCC_NO_COMMON_BLOCKS = YES;
				GCC_OPTIMIZATION_LEVEL = 0;
				GCC_PREPROCESSOR_DEFINITIONS = (
					"DEBUG=1",
					"$(inherited)",
				);
				GCC_WARN_64_TO_32_BIT_CONVERSION = YES;
				GCC_WARN_ABOUT_RETURN_TYPE = YES_ERROR;
				GCC_WARN_UNDECLARED_SELECTOR = YES;
				GCC_WARN_UNINITIALIZED_AUTOS = YES_AGGRESSIVE;
				GCC_WARN_UNUSED_FUNCTION = YES;
				GCC_WARN_UNUSED_VARIABLE = YES;
				IPHONEOS_DEPLOYMENT_TARGET = 14.5;
				MTL_ENABLE_DEBUG_INFO = INCLUDE_SOURCE;
				MTL_FAST_MATH = YES;
				ONLY_ACTIVE_ARCH = YES;
				SDKROOT = iphoneos;
				SWIFT_ACTIVE_COMPILATION_CONDITIONS = DEBUG;
				SWIFT_OPTIMIZATION_LEVEL = "-Onone";
			};
			name = Debug;
		};
		AE7F85A72689080800BE60BB /* Release */ = {
			isa = XCBuildConfiguration;
			buildSettings = {
				ALWAYS_SEARCH_USER_PATHS = NO;
				CLANG_ANALYZER_NONNULL = YES;
				CLANG_ANALYZER_NUMBER_OBJECT_CONVERSION = YES_AGGRESSIVE;
				CLANG_CXX_LANGUAGE_STANDARD = "gnu++14";
				CLANG_CXX_LIBRARY = "libc++";
				CLANG_ENABLE_MODULES = YES;
				CLANG_ENABLE_OBJC_ARC = YES;
				CLANG_ENABLE_OBJC_WEAK = YES;
				CLANG_WARN_BLOCK_CAPTURE_AUTORELEASING = YES;
				CLANG_WARN_BOOL_CONVERSION = YES;
				CLANG_WARN_COMMA = YES;
				CLANG_WARN_CONSTANT_CONVERSION = YES;
				CLANG_WARN_DEPRECATED_OBJC_IMPLEMENTATIONS = YES;
				CLANG_WARN_DIRECT_OBJC_ISA_USAGE = YES_ERROR;
				CLANG_WARN_DOCUMENTATION_COMMENTS = YES;
				CLANG_WARN_EMPTY_BODY = YES;
				CLANG_WARN_ENUM_CONVERSION = YES;
				CLANG_WARN_INFINITE_RECURSION = YES;
				CLANG_WARN_INT_CONVERSION = YES;
				CLANG_WARN_NON_LITERAL_NULL_CONVERSION = YES;
				CLANG_WARN_OBJC_IMPLICIT_RETAIN_SELF = YES;
				CLANG_WARN_OBJC_LITERAL_CONVERSION = YES;
				CLANG_WARN_OBJC_ROOT_CLASS = YES_ERROR;
				CLANG_WARN_QUOTED_INCLUDE_IN_FRAMEWORK_HEADER = YES;
				CLANG_WARN_RANGE_LOOP_ANALYSIS = YES;
				CLANG_WARN_STRICT_PROTOTYPES = YES;
				CLANG_WARN_SUSPICIOUS_MOVE = YES;
				CLANG_WARN_UNGUARDED_AVAILABILITY = YES_AGGRESSIVE;
				CLANG_WARN_UNREACHABLE_CODE = YES;
				CLANG_WARN__DUPLICATE_METHOD_MATCH = YES;
				COPY_PHASE_STRIP = NO;
				DEBUG_INFORMATION_FORMAT = "dwarf-with-dsym";
				ENABLE_NS_ASSERTIONS = NO;
				ENABLE_STRICT_OBJC_MSGSEND = YES;
				GCC_C_LANGUAGE_STANDARD = gnu11;
				GCC_NO_COMMON_BLOCKS = YES;
				GCC_WARN_64_TO_32_BIT_CONVERSION = YES;
				GCC_WARN_ABOUT_RETURN_TYPE = YES_ERROR;
				GCC_WARN_UNDECLARED_SELECTOR = YES;
				GCC_WARN_UNINITIALIZED_AUTOS = YES_AGGRESSIVE;
				GCC_WARN_UNUSED_FUNCTION = YES;
				GCC_WARN_UNUSED_VARIABLE = YES;
				IPHONEOS_DEPLOYMENT_TARGET = 14.5;
				MTL_ENABLE_DEBUG_INFO = NO;
				MTL_FAST_MATH = YES;
				SDKROOT = iphoneos;
				SWIFT_COMPILATION_MODE = wholemodule;
				SWIFT_OPTIMIZATION_LEVEL = "-O";
				VALIDATE_PRODUCT = YES;
			};
			name = Release;
		};
		AE7F85A92689080800BE60BB /* Debug */ = {
			isa = XCBuildConfiguration;
			buildSettings = {
				ASSETCATALOG_COMPILER_APPICON_NAME = AppIcon;
				ASSETCATALOG_COMPILER_GLOBAL_ACCENT_COLOR_NAME = AccentColor;
				CODE_SIGN_STYLE = Automatic;
				DEVELOPMENT_TEAM = SP2KUM64A6;
				INFOPLIST_FILE = TestablePOP/Info.plist;
				LD_RUNPATH_SEARCH_PATHS = (
					"$(inherited)",
					"@executable_path/Frameworks",
				);
				PRODUCT_BUNDLE_IDENTIFIER = example.TestablePOP;
				PRODUCT_NAME = "$(TARGET_NAME)";
				SWIFT_VERSION = 5.0;
				TARGETED_DEVICE_FAMILY = "1,2";
			};
			name = Debug;
		};
		AE7F85AA2689080800BE60BB /* Release */ = {
			isa = XCBuildConfiguration;
			buildSettings = {
				ASSETCATALOG_COMPILER_APPICON_NAME = AppIcon;
				ASSETCATALOG_COMPILER_GLOBAL_ACCENT_COLOR_NAME = AccentColor;
				CODE_SIGN_STYLE = Automatic;
				DEVELOPMENT_TEAM = SP2KUM64A6;
				INFOPLIST_FILE = TestablePOP/Info.plist;
				LD_RUNPATH_SEARCH_PATHS = (
					"$(inherited)",
					"@executable_path/Frameworks",
				);
				PRODUCT_BUNDLE_IDENTIFIER = example.TestablePOP;
				PRODUCT_NAME = "$(TARGET_NAME)";
				SWIFT_VERSION = 5.0;
				TARGETED_DEVICE_FAMILY = "1,2";
			};
			name = Release;
		};
		AE7F85AC2689080800BE60BB /* Debug */ = {
			isa = XCBuildConfiguration;
			buildSettings = {
				ALWAYS_EMBED_SWIFT_STANDARD_LIBRARIES = YES;
				BUNDLE_LOADER = "$(TEST_HOST)";
				CODE_SIGN_STYLE = Automatic;
				DEVELOPMENT_TEAM = SP2KUM64A6;
				INFOPLIST_FILE = TestablePOPTests/Info.plist;
				IPHONEOS_DEPLOYMENT_TARGET = 14.5;
				LD_RUNPATH_SEARCH_PATHS = (
					"$(inherited)",
					"@executable_path/Frameworks",
					"@loader_path/Frameworks",
				);
				PRODUCT_BUNDLE_IDENTIFIER = example.TestablePOPTests;
				PRODUCT_NAME = "$(TARGET_NAME)";
				SWIFT_VERSION = 5.0;
				TARGETED_DEVICE_FAMILY = "1,2";
				TEST_HOST = "$(BUILT_PRODUCTS_DIR)/TestablePOP.app/TestablePOP";
			};
			name = Debug;
		};
		AE7F85AD2689080800BE60BB /* Release */ = {
			isa = XCBuildConfiguration;
			buildSettings = {
				ALWAYS_EMBED_SWIFT_STANDARD_LIBRARIES = YES;
				BUNDLE_LOADER = "$(TEST_HOST)";
				CODE_SIGN_STYLE = Automatic;
				DEVELOPMENT_TEAM = SP2KUM64A6;
				INFOPLIST_FILE = TestablePOPTests/Info.plist;
				IPHONEOS_DEPLOYMENT_TARGET = 14.5;
				LD_RUNPATH_SEARCH_PATHS = (
					"$(inherited)",
					"@executable_path/Frameworks",
					"@loader_path/Frameworks",
				);
				PRODUCT_BUNDLE_IDENTIFIER = example.TestablePOPTests;
				PRODUCT_NAME = "$(TARGET_NAME)";
				SWIFT_VERSION = 5.0;
				TARGETED_DEVICE_FAMILY = "1,2";
				TEST_HOST = "$(BUILT_PRODUCTS_DIR)/TestablePOP.app/TestablePOP";
			};
			name = Release;
		};
		AE7F85AF2689080800BE60BB /* Debug */ = {
			isa = XCBuildConfiguration;
			buildSettings = {
				ALWAYS_EMBED_SWIFT_STANDARD_LIBRARIES = YES;
				CODE_SIGN_STYLE = Automatic;
				DEVELOPMENT_TEAM = SP2KUM64A6;
				INFOPLIST_FILE = TestablePOPUITests/Info.plist;
				LD_RUNPATH_SEARCH_PATHS = (
					"$(inherited)",
					"@executable_path/Frameworks",
					"@loader_path/Frameworks",
				);
				PRODUCT_BUNDLE_IDENTIFIER = example.TestablePOPUITests;
				PRODUCT_NAME = "$(TARGET_NAME)";
				SWIFT_VERSION = 5.0;
				TARGETED_DEVICE_FAMILY = "1,2";
				TEST_TARGET_NAME = TestablePOP;
			};
			name = Debug;
		};
		AE7F85B02689080800BE60BB /* Release */ = {
			isa = XCBuildConfiguration;
			buildSettings = {
				ALWAYS_EMBED_SWIFT_STANDARD_LIBRARIES = YES;
				CODE_SIGN_STYLE = Automatic;
				DEVELOPMENT_TEAM = SP2KUM64A6;
				INFOPLIST_FILE = TestablePOPUITests/Info.plist;
				LD_RUNPATH_SEARCH_PATHS = (
					"$(inherited)",
					"@executable_path/Frameworks",
					"@loader_path/Frameworks",
				);
				PRODUCT_BUNDLE_IDENTIFIER = example.TestablePOPUITests;
				PRODUCT_NAME = "$(TARGET_NAME)";
				SWIFT_VERSION = 5.0;
				TARGETED_DEVICE_FAMILY = "1,2";
				TEST_TARGET_NAME = TestablePOP;
			};
			name = Release;
		};
/* End XCBuildConfiguration section */

/* Begin XCConfigurationList section */
		AE7F8579268907F400BE60BB /* Build configuration list for PBXProject "TestablePOP" */ = {
			isa = XCConfigurationList;
			buildConfigurations = (
				AE7F85A62689080800BE60BB /* Debug */,
				AE7F85A72689080800BE60BB /* Release */,
			);
			defaultConfigurationIsVisible = 0;
			defaultConfigurationName = Release;
		};
		AE7F85A82689080800BE60BB /* Build configuration list for PBXNativeTarget "TestablePOP" */ = {
			isa = XCConfigurationList;
			buildConfigurations = (
				AE7F85A92689080800BE60BB /* Debug */,
				AE7F85AA2689080800BE60BB /* Release */,
			);
			defaultConfigurationIsVisible = 0;
			defaultConfigurationName = Release;
		};
		AE7F85AB2689080800BE60BB /* Build configuration list for PBXNativeTarget "TestablePOPTests" */ = {
			isa = XCConfigurationList;
			buildConfigurations = (
				AE7F85AC2689080800BE60BB /* Debug */,
				AE7F85AD2689080800BE60BB /* Release */,
			);
			defaultConfigurationIsVisible = 0;
			defaultConfigurationName = Release;
		};
		AE7F85AE2689080800BE60BB /* Build configuration list for PBXNativeTarget "TestablePOPUITests" */ = {
			isa = XCConfigurationList;
			buildConfigurations = (
				AE7F85AF2689080800BE60BB /* Debug */,
				AE7F85B02689080800BE60BB /* Release */,
			);
			defaultConfigurationIsVisible = 0;
			defaultConfigurationName = Release;
		};
/* End XCConfigurationList section */
	};
	rootObject = AE7F8576268907F400BE60BB /* Project object */;
}
